
Microsoft Visual Studio Solution File, Format Version 12.00
# Visual Studio Version 17
VisualStudioVersion = 17.0.31903.59
MinimumVisualStudioVersion = 10.0.40219.1
Project("{FAE04EC0-301F-11D3-BF4B-00C04F79EFBC}") = "Ttd2089.Flason", "Ttd2089.Flason\Ttd2089.Flason.csproj", "{ABDBFEFE-1966-4B80-A632-2DFDBB8BCE2C}"
EndProject
Project("{FAE04EC0-301F-11D3-BF4B-00C04F79EFBC}") = "Ttd2089.Flason.Cli", "Ttd2089.Flason.Cli\Ttd2089.Flason.Cli.csproj", "{C63DBFAA-33B6-4ADD-B27B-7AC090A2EC28}"
EndProject
Global
	GlobalSection(SolutionConfigurationPlatforms) = preSolution
		Debug|Any CPU = Debug|Any CPU
		Release|Any CPU = Release|Any CPU
	EndGlobalSection
	GlobalSection(SolutionProperties) = preSolution
		HideSolutionNode = FALSE
	EndGlobalSection
	GlobalSection(ProjectConfigurationPlatforms) = postSolution
		{ABDBFEFE-1966-4B80-A632-2DFDBB8BCE2C}.Debug|Any CPU.ActiveCfg = Debug|Any CPU
		{ABDBFEFE-1966-4B80-A632-2DFDBB8BCE2C}.Debug|Any CPU.Build.0 = Debug|Any CPU
		{ABDBFEFE-1966-4B80-A632-2DFDBB8BCE2C}.Release|Any CPU.ActiveCfg = Release|Any CPU
		{ABDBFEFE-1966-4B80-A632-2DFDBB8BCE2C}.Release|Any CPU.Build.0 = Release|Any CPU
		{C63DBFAA-33B6-4ADD-B27B-7AC090A2EC28}.Debug|Any CPU.ActiveCfg = Debug|Any CPU
		{C63DBFAA-33B6-4ADD-B27B-7AC090A2EC28}.Debug|Any CPU.Build.0 = Debug|Any CPU
		{C63DBFAA-33B6-4ADD-B27B-7AC090A2EC28}.Release|Any CPU.ActiveCfg = Release|Any CPU
		{C63DBFAA-33B6-4ADD-B27B-7AC090A2EC28}.Release|Any CPU.Build.0 = Release|Any CPU
	EndGlobalSection
EndGlobal
